
Microsoft Visual Studio Solution File, Format Version 12.00
# Visual Studio Version 17
VisualStudioVersion = 17.0.31903.59
MinimumVisualStudioVersion = 10.0.40219.1
Project("{FAE04EC0-301F-11D3-BF4B-00C04F79EFBC}") = "EntityFramework", "EntityFramework\EntityFramework.csproj", "{A6280EEF-EED7-434E-B57E-6FA5B9A7FD88}"
EndProject
Global
	GlobalSection(SolutionConfigurationPlatforms) = preSolution
		Debug|Any CPU = Debug|Any CPU
		Release|Any CPU = Release|Any CPU
	EndGlobalSection
	GlobalSection(ProjectConfigurationPlatforms) = postSolution
		{A6280EEF-EED7-434E-B57E-6FA5B9A7FD88}.Debug|Any CPU.ActiveCfg = Debug|Any CPU
		{A6280EEF-EED7-434E-B57E-6FA5B9A7FD88}.Debug|Any CPU.Build.0 = Debug|Any CPU
		{A6280EEF-EED7-434E-B57E-6FA5B9A7FD88}.Release|Any CPU.ActiveCfg = Release|Any CPU
		{A6280EEF-EED7-434E-B57E-6FA5B9A7FD88}.Release|Any CPU.Build.0 = Release|Any CPU
	EndGlobalSection
	GlobalSection(SolutionProperties) = preSolution
		HideSolutionNode = FALSE
	EndGlobalSection
	GlobalSection(ExtensibilityGlobals) = postSolution
		SolutionGuid = {08C0C176-9E7F-4720-9DF7-11464327FCE7}
	EndGlobalSection
EndGlobal
